// !$*UTF8*$!
{
	archiveVersion = 1;
	classes = {
	};
	objectVersion = 46;
	objects = {

/* Begin PBXBuildFile section */
		672ADB5C1E78DF310080FCCF /* main.m in Sources */ = {isa = PBXBuildFile; fileRef = 672ADB5B1E78DF310080FCCF /* main.m */; };
		672ADB5F1E78DF310080FCCF /* AppDelegate.m in Sources */ = {isa = PBXBuildFile; fileRef = 672ADB5E1E78DF310080FCCF /* AppDelegate.m */; };
		672ADB651E78DF310080FCCF /* Main.storyboard in Resources */ = {isa = PBXBuildFile; fileRef = 672ADB631E78DF310080FCCF /* Main.storyboard */; };
		672ADB671E78DF310080FCCF /* Assets.xcassets in Resources */ = {isa = PBXBuildFile; fileRef = 672ADB661E78DF310080FCCF /* Assets.xcassets */; };
		672ADB6A1E78DF310080FCCF /* LaunchScreen.storyboard in Resources */ = {isa = PBXBuildFile; fileRef = 672ADB681E78DF310080FCCF /* LaunchScreen.storyboard */; };
		672ADB731E78DFFF0080FCCF /* OMGListTableViewController.m in Sources */ = {isa = PBXBuildFile; fileRef = 672ADB721E78DFFF0080FCCF /* OMGListTableViewController.m */; };
		672ADB761E78E1EA0080FCCF /* OMGModel.m in Sources */ = {isa = PBXBuildFile; fileRef = 672ADB751E78E1EA0080FCCF /* OMGModel.m */; };
		672ADB791E78E4090080FCCF /* NSDate+OMG.m in Sources */ = {isa = PBXBuildFile; fileRef = 672ADB781E78E4090080FCCF /* NSDate+OMG.m */; };
		67F18222237D27DC0074960A /* cover.png in Resources */ = {isa = PBXBuildFile; fileRef = 67F18221237D27DC0074960A /* cover.png */; };
		E3B854A62529795C256FCE01 /* libPods-MBC_OMG.a in Frameworks */ = {isa = PBXBuildFile; fileRef = 9B53881D05003C66C5814966 /* libPods-MBC_OMG.a */; };
/* End PBXBuildFile section */

/* Begin PBXFileReference section */
		1A9DF0196874AC1D8E613F3A /* Pods-MBC_OMG.debug.xcconfig */ = {isa = PBXFileReference; includeInIndex = 1; lastKnownFileType = text.xcconfig; name = "Pods-MBC_OMG.debug.xcconfig"; path = "Pods/Target Support Files/Pods-MBC_OMG/Pods-MBC_OMG.debug.xcconfig"; sourceTree = "<group>"; };
		2CB2A81D3AD4926D101FD544 /* Pods-MBC_OMG.release.xcconfig */ = {isa = PBXFileReference; includeInIndex = 1; lastKnownFileType = text.xcconfig; name = "Pods-MBC_OMG.release.xcconfig"; path = "Pods/Target Support Files/Pods-MBC_OMG/Pods-MBC_OMG.release.xcconfig"; sourceTree = "<group>"; };
		672ADB571E78DF310080FCCF /* MBC_OMG.app */ = {isa = PBXFileReference; explicitFileType = wrapper.application; includeInIndex = 0; path = MBC_OMG.app; sourceTree = BUILT_PRODUCTS_DIR; };
		672ADB5B1E78DF310080FCCF /* main.m */ = {isa = PBXFileReference; lastKnownFileType = sourcecode.c.objc; path = main.m; sourceTree = "<group>"; };
		672ADB5D1E78DF310080FCCF /* AppDelegate.h */ = {isa = PBXFileReference; lastKnownFileType = sourcecode.c.h; path = AppDelegate.h; sourceTree = "<group>"; };
		672ADB5E1E78DF310080FCCF /* AppDelegate.m */ = {isa = PBXFileReference; lastKnownFileType = sourcecode.c.objc; path = AppDelegate.m; sourceTree = "<group>"; };
		672ADB641E78DF310080FCCF /* Base */ = {isa = PBXFileReference; lastKnownFileType = file.storyboard; name = Base; path = Base.lproj/Main.storyboard; sourceTree = "<group>"; };
		672ADB661E78DF310080FCCF /* Assets.xcassets */ = {isa = PBXFileReference; lastKnownFileType = folder.assetcatalog; path = Assets.xcassets; sourceTree = "<group>"; };
		672ADB691E78DF310080FCCF /* Base */ = {isa = PBXFileReference; lastKnownFileType = file.storyboard; name = Base; path = Base.lproj/LaunchScreen.storyboard; sourceTree = "<group>"; };
		672ADB6B1E78DF310080FCCF /* Info.plist */ = {isa = PBXFileReference; lastKnownFileType = text.plist.xml; path = Info.plist; sourceTree = "<group>"; };
		672ADB711E78DFFF0080FCCF /* OMGListTableViewController.h */ = {isa = PBXFileReference; fileEncoding = 4; lastKnownFileType = sourcecode.c.h; path = OMGListTableViewController.h; sourceTree = "<group>"; };
		672ADB721E78DFFF0080FCCF /* OMGListTableViewController.m */ = {isa = PBXFileReference; fileEncoding = 4; lastKnownFileType = sourcecode.c.objc; path = OMGListTableViewController.m; sourceTree = "<group>"; };
		672ADB741E78E1EA0080FCCF /* OMGModel.h */ = {isa = PBXFileReference; fileEncoding = 4; lastKnownFileType = sourcecode.c.h; path = OMGModel.h; sourceTree = "<group>"; };
		672ADB751E78E1EA0080FCCF /* OMGModel.m */ = {isa = PBXFileReference; fileEncoding = 4; lastKnownFileType = sourcecode.c.objc; path = OMGModel.m; sourceTree = "<group>"; };
		672ADB771E78E4090080FCCF /* NSDate+OMG.h */ = {isa = PBXFileReference; fileEncoding = 4; lastKnownFileType = sourcecode.c.h; path = "NSDate+OMG.h"; sourceTree = "<group>"; };
		672ADB781E78E4090080FCCF /* NSDate+OMG.m */ = {isa = PBXFileReference; fileEncoding = 4; lastKnownFileType = sourcecode.c.objc; path = "NSDate+OMG.m"; sourceTree = "<group>"; };
		67F18221237D27DC0074960A /* cover.png */ = {isa = PBXFileReference; lastKnownFileType = image.png; path = cover.png; sourceTree = "<group>"; };
		9B53881D05003C66C5814966 /* libPods-MBC_OMG.a */ = {isa = PBXFileReference; explicitFileType = archive.ar; includeInIndex = 0; path = "libPods-MBC_OMG.a"; sourceTree = BUILT_PRODUCTS_DIR; };
/* End PBXFileReference section */

/* Begin PBXFrameworksBuildPhase section */
		672ADB541E78DF310080FCCF /* Frameworks */ = {
			isa = PBXFrameworksBuildPhase;
			buildActionMask = 2147483647;
			files = (
				E3B854A62529795C256FCE01 /* libPods-MBC_OMG.a in Frameworks */,
			);
			runOnlyForDeploymentPostprocessing = 0;
		};
/* End PBXFrameworksBuildPhase section */

/* Begin PBXGroup section */
		52A7CE3E9B4525D165592C3E /* Frameworks */ = {
			isa = PBXGroup;
			children = (
				9B53881D05003C66C5814966 /* libPods-MBC_OMG.a */,
			);
			name = Frameworks;
			sourceTree = "<group>";
		};
		672ADB4E1E78DF310080FCCF = {
			isa = PBXGroup;
			children = (
				672ADB591E78DF310080FCCF /* MBC_OMG */,
				672ADB581E78DF310080FCCF /* Products */,
				F89A43A28DD4505BB6191ABD /* Pods */,
				52A7CE3E9B4525D165592C3E /* Frameworks */,
			);
			sourceTree = "<group>";
		};
		672ADB581E78DF310080FCCF /* Products */ = {
			isa = PBXGroup;
			children = (
				672ADB571E78DF310080FCCF /* MBC_OMG.app */,
			);
			name = Products;
			sourceTree = "<group>";
		};
		672ADB591E78DF310080FCCF /* MBC_OMG */ = {
			isa = PBXGroup;
			children = (
				672ADB5D1E78DF310080FCCF /* AppDelegate.h */,
				672ADB5E1E78DF310080FCCF /* AppDelegate.m */,
				672ADB741E78E1EA0080FCCF /* OMGModel.h */,
				672ADB751E78E1EA0080FCCF /* OMGModel.m */,
				672ADB711E78DFFF0080FCCF /* OMGListTableViewController.h */,
				672ADB721E78DFFF0080FCCF /* OMGListTableViewController.m */,
				672ADB771E78E4090080FCCF /* NSDate+OMG.h */,
				672ADB781E78E4090080FCCF /* NSDate+OMG.m */,
				672ADB631E78DF310080FCCF /* Main.storyboard */,
				67F18221237D27DC0074960A /* cover.png */,
				672ADB661E78DF310080FCCF /* Assets.xcassets */,
				672ADB681E78DF310080FCCF /* LaunchScreen.storyboard */,
				672ADB6B1E78DF310080FCCF /* Info.plist */,
				672ADB5A1E78DF310080FCCF /* Supporting Files */,
			);
			path = MBC_OMG;
			sourceTree = "<group>";
		};
		672ADB5A1E78DF310080FCCF /* Supporting Files */ = {
			isa = PBXGroup;
			children = (
				672ADB5B1E78DF310080FCCF /* main.m */,
			);
			name = "Supporting Files";
			sourceTree = "<group>";
		};
		F89A43A28DD4505BB6191ABD /* Pods */ = {
			isa = PBXGroup;
			children = (
				1A9DF0196874AC1D8E613F3A /* Pods-MBC_OMG.debug.xcconfig */,
				2CB2A81D3AD4926D101FD544 /* Pods-MBC_OMG.release.xcconfig */,
			);
			name = Pods;
			sourceTree = "<group>";
		};
/* End PBXGroup section */

/* Begin PBXNativeTarget section */
		672ADB561E78DF310080FCCF /* MBC_OMG */ = {
			isa = PBXNativeTarget;
			buildConfigurationList = 672ADB6E1E78DF310080FCCF /* Build configuration list for PBXNativeTarget "MBC_OMG" */;
			buildPhases = (
				3143158C48B07CCA8412D16A /* [CP] Check Pods Manifest.lock */,
				672ADB531E78DF310080FCCF /* Sources */,
				672ADB541E78DF310080FCCF /* Frameworks */,
				672ADB551E78DF310080FCCF /* Resources */,
				93DBB99C5A4D1A0BF8848AE3 /* [CP] Copy Pods Resources */,
			);
			buildRules = (
			);
			dependencies = (
			);
			name = MBC_OMG;
			productName = MBC_OMG;
			productReference = 672ADB571E78DF310080FCCF /* MBC_OMG.app */;
			productType = "com.apple.product-type.application";
		};
/* End PBXNativeTarget section */

/* Begin PBXProject section */
		672ADB4F1E78DF310080FCCF /* Project object */ = {
			isa = PBXProject;
			attributes = {
				CLASSPREFIX = OMG;
				LastUpgradeCheck = 0930;
				ORGANIZATIONNAME = SegunLee;
				TargetAttributes = {
					672ADB561E78DF310080FCCF = {
						CreatedOnToolsVersion = 8.2.1;
						DevelopmentTeam = P4BDJKG9NM;
						ProvisioningStyle = Automatic;
						SystemCapabilities = {
							com.apple.BackgroundModes = {
								enabled = 1;
							};
						};
					};
				};
			};
			buildConfigurationList = 672ADB521E78DF310080FCCF /* Build configuration list for PBXProject "MBC_OMG" */;
			compatibilityVersion = "Xcode 3.2";
			developmentRegion = English;
			hasScannedForEncodings = 0;
			knownRegions = (
				English,
				en,
				Base,
			);
			mainGroup = 672ADB4E1E78DF310080FCCF;
			productRefGroup = 672ADB581E78DF310080FCCF /* Products */;
			projectDirPath = "";
			projectRoot = "";
			targets = (
				672ADB561E78DF310080FCCF /* MBC_OMG */,
			);
		};
/* End PBXProject section */

/* Begin PBXResourcesBuildPhase section */
		672ADB551E78DF310080FCCF /* Resources */ = {
			isa = PBXResourcesBuildPhase;
			buildActionMask = 2147483647;
			files = (
				672ADB6A1E78DF310080FCCF /* LaunchScreen.storyboard in Resources */,
				672ADB671E78DF310080FCCF /* Assets.xcassets in Resources */,
				672ADB651E78DF310080FCCF /* Main.storyboard in Resources */,
				67F18222237D27DC0074960A /* cover.png in Resources */,
			);
			runOnlyForDeploymentPostprocessing = 0;
		};
/* End PBXResourcesBuildPhase section */

/* Begin PBXShellScriptBuildPhase section */
		3143158C48B07CCA8412D16A /* [CP] Check Pods Manifest.lock */ = {
			isa = PBXShellScriptBuildPhase;
			buildActionMask = 2147483647;
			files = (
			);
			inputPaths = (
				"${PODS_PODFILE_DIR_PATH}/Podfile.lock",
				"${PODS_ROOT}/Manifest.lock",
			);
			name = "[CP] Check Pods Manifest.lock";
			outputPaths = (
				"$(DERIVED_FILE_DIR)/Pods-MBC_OMG-checkManifestLockResult.txt",
			);
			runOnlyForDeploymentPostprocessing = 0;
			shellPath = /bin/sh;
			shellScript = "diff \"${PODS_PODFILE_DIR_PATH}/Podfile.lock\" \"${PODS_ROOT}/Manifest.lock\" > /dev/null\nif [ $? != 0 ] ; then\n    # print error to STDERR\n    echo \"error: The sandbox is not in sync with the Podfile.lock. Run 'pod install' or update your CocoaPods installation.\" >&2\n    exit 1\nfi\n# This output is used by Xcode 'outputs' to avoid re-running this script phase.\necho \"SUCCESS\" > \"${SCRIPT_OUTPUT_FILE_0}\"\n";
			showEnvVarsInLog = 0;
		};
		93DBB99C5A4D1A0BF8848AE3 /* [CP] Copy Pods Resources */ = {
			isa = PBXShellScriptBuildPhase;
			buildActionMask = 2147483647;
			files = (
			);
			inputPaths = (
				"${SRCROOT}/Pods/Target Support Files/Pods-MBC_OMG/Pods-MBC_OMG-resources.sh",
				"${PODS_ROOT}/EAMiniAudioPlayerView/EAMiniAudioPlayerView/Resources/btn_play@2x.png",
				"${PODS_ROOT}/EAMiniAudioPlayerView/EAMiniAudioPlayerView/Resources/btn_play@3x.png",
				"${PODS_ROOT}/EAMiniAudioPlayerView/EAMiniAudioPlayerView/Resources/btn_stop@2x.png",
				"${PODS_ROOT}/EAMiniAudioPlayerView/EAMiniAudioPlayerView/Resources/btn_stop@3x.png",
				"${PODS_ROOT}/EAMiniAudioPlayerView/EAMiniAudioPlayerView/Resources/icon_audio@2x.png",
				"${PODS_ROOT}/EAMiniAudioPlayerView/EAMiniAudioPlayerView/Resources/icon_audio@3x.png",
			);
			name = "[CP] Copy Pods Resources";
			outputPaths = (
				"${TARGET_BUILD_DIR}/${UNLOCALIZED_RESOURCES_FOLDER_PATH}/btn_play@2x.png",
				"${TARGET_BUILD_DIR}/${UNLOCALIZED_RESOURCES_FOLDER_PATH}/btn_play@3x.png",
				"${TARGET_BUILD_DIR}/${UNLOCALIZED_RESOURCES_FOLDER_PATH}/btn_stop@2x.png",
				"${TARGET_BUILD_DIR}/${UNLOCALIZED_RESOURCES_FOLDER_PATH}/btn_stop@3x.png",
				"${TARGET_BUILD_DIR}/${UNLOCALIZED_RESOURCES_FOLDER_PATH}/icon_audio@2x.png",
				"${TARGET_BUILD_DIR}/${UNLOCALIZED_RESOURCES_FOLDER_PATH}/icon_audio@3x.png",
			);
			runOnlyForDeploymentPostprocessing = 0;
			shellPath = /bin/sh;
			shellScript = "\"${SRCROOT}/Pods/Target Support Files/Pods-MBC_OMG/Pods-MBC_OMG-resources.sh\"\n";
			showEnvVarsInLog = 0;
		};
/* End PBXShellScriptBuildPhase section */

/* Begin PBXSourcesBuildPhase section */
		672ADB531E78DF310080FCCF /* Sources */ = {
			isa = PBXSourcesBuildPhase;
			buildActionMask = 2147483647;
			files = (
				672ADB5F1E78DF310080FCCF /* AppDelegate.m in Sources */,
				672ADB761E78E1EA0080FCCF /* OMGModel.m in Sources */,
				672ADB791E78E4090080FCCF /* NSDate+OMG.m in Sources */,
				672ADB5C1E78DF310080FCCF /* main.m in Sources */,
				672ADB731E78DFFF0080FCCF /* OMGListTableViewController.m in Sources */,
			);
			runOnlyForDeploymentPostprocessing = 0;
		};
/* End PBXSourcesBuildPhase section */

/* Begin PBXVariantGroup section */
		672ADB631E78DF310080FCCF /* Main.storyboard */ = {
			isa = PBXVariantGroup;
			children = (
				672ADB641E78DF310080FCCF /* Base */,
			);
			name = Main.storyboard;
			sourceTree = "<group>";
		};
		672ADB681E78DF310080FCCF /* LaunchScreen.storyboard */ = {
			isa = PBXVariantGroup;
			children = (
				672ADB691E78DF310080FCCF /* Base */,
			);
			name = LaunchScreen.storyboard;
			sourceTree = "<group>";
		};
/* End PBXVariantGroup section */

/* Begin XCBuildConfiguration section */
		672ADB6C1E78DF310080FCCF /* Debug */ = {
			isa = XCBuildConfiguration;
			buildSettings = {
				ALWAYS_SEARCH_USER_PATHS = NO;
				CLANG_ANALYZER_NONNULL = YES;
				CLANG_CXX_LANGUAGE_STANDARD = "gnu++0x";
				CLANG_CXX_LIBRARY = "libc++";
				CLANG_ENABLE_MODULES = YES;
				CLANG_ENABLE_OBJC_ARC = YES;
				CLANG_WARN_BLOCK_CAPTURE_AUTORELEASING = YES;
				CLANG_WARN_BOOL_CONVERSION = YES;
				CLANG_WARN_COMMA = YES;
				CLANG_WARN_CONSTANT_CONVERSION = YES;
				CLANG_WARN_DEPRECATED_OBJC_IMPLEMENTATIONS = YES;
				CLANG_WARN_DIRECT_OBJC_ISA_USAGE = YES_ERROR;
				CLANG_WARN_DOCUMENTATION_COMMENTS = YES;
				CLANG_WARN_EMPTY_BODY = YES;
				CLANG_WARN_ENUM_CONVERSION = YES;
				CLANG_WARN_INFINITE_RECURSION = YES;
				CLANG_WARN_INT_CONVERSION = YES;
				CLANG_WARN_NON_LITERAL_NULL_CONVERSION = YES;
				CLANG_WARN_OBJC_IMPLICIT_RETAIN_SELF = YES;
				CLANG_WARN_OBJC_LITERAL_CONVERSION = YES;
				CLANG_WARN_OBJC_ROOT_CLASS = YES_ERROR;
				CLANG_WARN_RANGE_LOOP_ANALYSIS = YES;
				CLANG_WARN_STRICT_PROTOTYPES = YES;
				CLANG_WARN_SUSPICIOUS_MOVE = YES;
				CLANG_WARN_UNREACHABLE_CODE = YES;
				CLANG_WARN__DUPLICATE_METHOD_MATCH = YES;
				"CODE_SIGN_IDENTITY[sdk=iphoneos*]" = "iPhone Developer";
				COPY_PHASE_STRIP = NO;
				DEBUG_INFORMATION_FORMAT = dwarf;
				ENABLE_STRICT_OBJC_MSGSEND = YES;
				ENABLE_TESTABILITY = YES;
				GCC_C_LANGUAGE_STANDARD = gnu99;
				GCC_DYNAMIC_NO_PIC = NO;
				GCC_NO_COMMON_BLOCKS = YES;
				GCC_OPTIMIZATION_LEVEL = 0;
				GCC_PREPROCESSOR_DEFINITIONS = (
					"DEBUG=1",
					"$(inherited)",
				);
				GCC_WARN_64_TO_32_BIT_CONVERSION = YES;
				GCC_WARN_ABOUT_RETURN_TYPE = YES_ERROR;
				GCC_WARN_UNDECLARED_SELECTOR = YES;
				GCC_WARN_UNINITIALIZED_AUTOS = YES_AGGRESSIVE;
				GCC_WARN_UNUSED_FUNCTION = YES;
				GCC_WARN_UNUSED_VARIABLE = YES;
				IPHONEOS_DEPLOYMENT_TARGET = 10.2;
				MTL_ENABLE_DEBUG_INFO = YES;
				ONLY_ACTIVE_ARCH = YES;
				SDKROOT = iphoneos;
			};
			name = Debug;
		};
		672ADB6D1E78DF310080FCCF /* Release */ = {
			isa = XCBuildConfiguration;
			buildSettings = {
				ALWAYS_SEARCH_USER_PATHS = NO;
				CLANG_ANALYZER_NONNULL = YES;
				CLANG_CXX_LANGUAGE_STANDARD = "gnu++0x";
				CLANG_CXX_LIBRARY = "libc++";
				CLANG_ENABLE_MODULES = YES;
				CLANG_ENABLE_OBJC_ARC = YES;
				CLANG_WARN_BLOCK_CAPTURE_AUTORELEASING = YES;
				CLANG_WARN_BOOL_CONVERSION = YES;
				CLANG_WARN_COMMA = YES;
				CLANG_WARN_CONSTANT_CONVERSION = YES;
				CLANG_WARN_DEPRECATED_OBJC_IMPLEMENTATIONS = YES;
				CLANG_WARN_DIRECT_OBJC_ISA_USAGE = YES_ERROR;
				CLANG_WARN_DOCUMENTATION_COMMENTS = YES;
				CLANG_WARN_EMPTY_BODY = YES;
				CLANG_WARN_ENUM_CONVERSION = YES;
				CLANG_WARN_INFINITE_RECURSION = YES;
				CLANG_WARN_INT_CONVERSION = YES;
				CLANG_WARN_NON_LITERAL_NULL_CONVERSION = YES;
				CLANG_WARN_OBJC_IMPLICIT_RETAIN_SELF = YES;
				CLANG_WARN_OBJC_LITERAL_CONVERSION = YES;
				CLANG_WARN_OBJC_ROOT_CLASS = YES_ERROR;
				CLANG_WARN_RANGE_LOOP_ANALYSIS = YES;
				CLANG_WARN_STRICT_PROTOTYPES = YES;
				CLANG_WARN_SUSPICIOUS_MOVE = YES;
				CLANG_WARN_UNREACHABLE_CODE = YES;
				CLANG_WARN__DUPLICATE_METHOD_MATCH = YES;
				"CODE_SIGN_IDENTITY[sdk=iphoneos*]" = "iPhone Developer";
				COPY_PHASE_STRIP = NO;
				DEBUG_INFORMATION_FORMAT = "dwarf-with-dsym";
				ENABLE_NS_ASSERTIONS = NO;
				ENABLE_STRICT_OBJC_MSGSEND = YES;
				GCC_C_LANGUAGE_STANDARD = gnu99;
				GCC_NO_COMMON_BLOCKS = YES;
				GCC_WARN_64_TO_32_BIT_CONVERSION = YES;
				GCC_WARN_ABOUT_RETURN_TYPE = YES_ERROR;
				GCC_WARN_UNDECLARED_SELECTOR = YES;
				GCC_WARN_UNINITIALIZED_AUTOS = YES_AGGRESSIVE;
				GCC_WARN_UNUSED_FUNCTION = YES;
				GCC_WARN_UNUSED_VARIABLE = YES;
				IPHONEOS_DEPLOYMENT_TARGET = 10.2;
				MTL_ENABLE_DEBUG_INFO = NO;
				SDKROOT = iphoneos;
				VALIDATE_PRODUCT = YES;
			};
			name = Release;
		};
		672ADB6F1E78DF310080FCCF /* Debug */ = {
			isa = XCBuildConfiguration;
			baseConfigurationReference = 1A9DF0196874AC1D8E613F3A /* Pods-MBC_OMG.debug.xcconfig */;
			buildSettings = {
				ASSETCATALOG_COMPILER_APPICON_NAME = AppIcon;
				DEVELOPMENT_TEAM = P4BDJKG9NM;
				INFOPLIST_FILE = MBC_OMG/Info.plist;
				LD_RUNPATH_SEARCH_PATHS = "$(inherited) @executable_path/Frameworks";
				PRODUCT_BUNDLE_IDENTIFIER = "SGIOS.MBC-OMG";
				PRODUCT_NAME = "$(TARGET_NAME)";
			};
			name = Debug;
		};
		672ADB701E78DF310080FCCF /* Release */ = {
			isa = XCBuildConfiguration;
			baseConfigurationReference = 2CB2A81D3AD4926D101FD544 /* Pods-MBC_OMG.release.xcconfig */;
			buildSettings = {
				ASSETCATALOG_COMPILER_APPICON_NAME = AppIcon;
				DEVELOPMENT_TEAM = P4BDJKG9NM;
				INFOPLIST_FILE = MBC_OMG/Info.plist;
				LD_RUNPATH_SEARCH_PATHS = "$(inherited) @executable_path/Frameworks";
				PRODUCT_BUNDLE_IDENTIFIER = "SGIOS.MBC-OMG";
				PRODUCT_NAME = "$(TARGET_NAME)";
			};
			name = Release;
		};
/* End XCBuildConfiguration section */

/* Begin XCConfigurationList section */
		672ADB521E78DF310080FCCF /* Build configuration list for PBXProject "MBC_OMG" */ = {
			isa = XCConfigurationList;
			buildConfigurations = (
				672ADB6C1E78DF310080FCCF /* Debug */,
				672ADB6D1E78DF310080FCCF /* Release */,
			);
			defaultConfigurationIsVisible = 0;
			defaultConfigurationName = Release;
		};
		672ADB6E1E78DF310080FCCF /* Build configuration list for PBXNativeTarget "MBC_OMG" */ = {
			isa = XCConfigurationList;
			buildConfigurations = (
				672ADB6F1E78DF310080FCCF /* Debug */,
				672ADB701E78DF310080FCCF /* Release */,
			);
			defaultConfigurationIsVisible = 0;
			defaultConfigurationName = Release;
		};
/* End XCConfigurationList section */
	};
	rootObject = 672ADB4F1E78DF310080FCCF /* Project object */;
}
